Microsoft Visual Studio Solution File, Format Version 12.00
# Visual Studio 15
VisualStudioVersion = 15.0.28010.2016
MinimumVisualStudioVersion = 10.0.40219.1
Project("{8BC9CEB8-8B4A-11D0-8D11-00A0C91BC942}") = "bf", "sample\bf.vcxproj", "{654BD79B-59D3-4B10-BBAA-158BAB272828}"
EndProject
Project("{8BC9CEB8-8B4A-11D0-8D11-00A0C91BC942}") = "calc", "sample\calc.vcxproj", "{5FDDFAA6-B947-491D-A17E-BBD863846579}"
EndProject
Project("{8BC9CEB8-8B4A-11D0-8D11-00A0C91BC942}") = "quantize", "sample\quantize.vcxproj", "{D06753BF-E1F3-4578-9B18-08673327F77C}"
EndProject
Project("{8BC9CEB8-8B4A-11D0-8D11-00A0C91BC942}") = "test0", "sample\test0.vcxproj", "{1CDE4D2A-BE3A-4B9B-B28F-524A23084A8E}"
EndProject
Project("{8BC9CEB8-8B4A-11D0-8D11-00A0C91BC942}") = "toyvm", "sample\toyvm.vcxproj", "{2E41C7AF-39FF-454C-B081-37445378DCB3}"
EndProject
Project("{8BC9CEB8-8B4A-11D0-8D11-00A0C91BC942}") = "test_util", "sample\test_util.vcxproj", "{CFC9B272-FDA1-4C87-B4EF-CDCA9B57F4DD}"
EndProject
Project("{8BC9CEB8-8B4A-11D0-8D11-00A0C91BC942}") = "calc2", "sample\calc2.vcxproj", "{8EC11C7F-1B5C-4787-8940-B9B3AAF1D204}"
EndProject
Global
	GlobalSection(SolutionConfigurationPlatforms) = preSolution
		Debug|Win32 = Debug|Win32
		Debug|x64 = Debug|x64
		Release|Win32 = Release|Win32
		Release|x64 = Release|x64
	EndGlobalSection
	GlobalSection(ProjectConfigurationPlatforms) = postSolution
		{654BD79B-59D3-4B10-BBAA-158BAB272828}.Debug|Win32.ActiveCfg = Debug|Win32
		{654BD79B-59D3-4B10-BBAA-158BAB272828}.Debug|Win32.Build.0 = Debug|Win32
		{654BD79B-59D3-4B10-BBAA-158BAB272828}.Debug|x64.ActiveCfg = Debug|x64
		{654BD79B-59D3-4B10-BBAA-158BAB272828}.Debug|x64.Build.0 = Debug|x64
		{654BD79B-59D3-4B10-BBAA-158BAB272828}.Release|Win32.ActiveCfg = Release|Win32
		{654BD79B-59D3-4B10-BBAA-158BAB272828}.Release|Win32.Build.0 = Release|Win32
		{654BD79B-59D3-4B10-BBAA-158BAB272828}.Release|x64.ActiveCfg = Release|x64
		{654BD79B-59D3-4B10-BBAA-158BAB272828}.Release|x64.Build.0 = Release|x64
		{5FDDFAA6-B947-491D-A17E-BBD863846579}.Debug|Win32.ActiveCfg = Debug|Win32
		{5FDDFAA6-B947-491D-A17E-BBD863846579}.Debug|Win32.Build.0 = Debug|Win32
		{5FDDFAA6-B947-491D-A17E-BBD863846579}.Debug|x64.ActiveCfg = Debug|x64
		{5FDDFAA6-B947-491D-A17E-BBD863846579}.Debug|x64.Build.0 = Debug|x64
		{5FDDFAA6-B947-491D-A17E-BBD863846579}.Release|Win32.ActiveCfg = Release|Win32
		{5FDDFAA6-B947-491D-A17E-BBD863846579}.Release|Win32.Build.0 = Release|Win32
		{5FDDFAA6-B947-491D-A17E-BBD863846579}.Release|x64.ActiveCfg = Release|x64
		{5FDDFAA6-B947-491D-A17E-BBD863846579}.Release|x64.Build.0 = Release|x64
		{D06753BF-E1F3-4578-9B18-08673327F77C}.Debug|Win32.ActiveCfg = Debug|Win32
		{D06753BF-E1F3-4578-9B18-08673327F77C}.Debug|Win32.Build.0 = Debug|Win32
		{D06753BF-E1F3-4578-9B18-08673327F77C}.Debug|x64.ActiveCfg = Debug|x64
		{D06753BF-E1F3-4578-9B18-08673327F77C}.Debug|x64.Build.0 = Debug|x64
		{D06753BF-E1F3-4578-9B18-08673327F77C}.Release|Win32.ActiveCfg = Release|Win32
		{D06753BF-E1F3-4578-9B18-08673327F77C}.Release|Win32.Build.0 = Release|Win32
		{D06753BF-E1F3-4578-9B18-08673327F77C}.Release|x64.ActiveCfg = Release|x64
		{D06753BF-E1F3-4578-9B18-08673327F77C}.Release|x64.Build.0 = Release|x64
		{1CDE4D2A-BE3A-4B9B-B28F-524A23084A8E}.Debug|Win32.ActiveCfg = Debug|Win32
		{1CDE4D2A-BE3A-4B9B-B28F-524A23084A8E}.Debug|Win32.Build.0 = Debug|Win32
		{1CDE4D2A-BE3A-4B9B-B28F-524A23084A8E}.Debug|x64.ActiveCfg = Debug|x64
		{1CDE4D2A-BE3A-4B9B-B28F-524A23084A8E}.Debug|x64.Build.0 = Debug|x64
		{1CDE4D2A-BE3A-4B9B-B28F-524A23084A8E}.Release|Win32.ActiveCfg = Release|Win32
		{1CDE4D2A-BE3A-4B9B-B28F-524A23084A8E}.Release|Win32.Build.0 = Release|Win32
		{1CDE4D2A-BE3A-4B9B-B28F-524A23084A8E}.Release|x64.ActiveCfg = Release|x64
		{1CDE4D2A-BE3A-4B9B-B28F-524A23084A8E}.Release|x64.Build.0 = Release|x64
		{2E41C7AF-39FF-454C-B081-37445378DCB3}.Debug|Win32.ActiveCfg = Debug|Win32
		{2E41C7AF-39FF-454C-B081-37445378DCB3}.Debug|Win32.Build.0 = Debug|Win32
		{2E41C7AF-39FF-454C-B081-37445378DCB3}.Debug|x64.ActiveCfg = Debug|x64
		{2E41C7AF-39FF-454C-B081-37445378DCB3}.Debug|x64.Build.0 = Debug|x64
		{2E41C7AF-39FF-454C-B081-37445378DCB3}.Release|Win32.ActiveCfg = Release|Win32
		{2E41C7AF-39FF-454C-B081-37445378DCB3}.Release|Win32.Build.0 = Release|Win32
		{2E41C7AF-39FF-454C-B081-37445378DCB3}.Release|x64.ActiveCfg = Release|x64
		{2E41C7AF-39FF-454C-B081-37445378DCB3}.Release|x64.Build.0 = Release|x64
		{CFC9B272-FDA1-4C87-B4EF-CDCA9B57F4DD}.Debug|Win32.ActiveCfg = Debug|Win32
		{CFC9B272-FDA1-4C87-B4EF-CDCA9B57F4DD}.Debug|Win32.Build.0 = Debug|Win32
		{CFC9B272-FDA1-4C87-B4EF-CDCA9B57F4DD}.Debug|x64.ActiveCfg = Debug|x64
		{CFC9B272-FDA1-4C87-B4EF-CDCA9B57F4DD}.Debug|x64.Build.0 = Debug|x64
		{CFC9B272-FDA1-4C87-B4EF-CDCA9B57F4DD}.Release|Win32.ActiveCfg = Release|Win32
		{CFC9B272-FDA1-4C87-B4EF-CDCA9B57F4DD}.Release|Win32.Build.0 = Release|Win32
		{CFC9B272-FDA1-4C87-B4EF-CDCA9B57F4DD}.Release|x64.ActiveCfg = Release|x64
		{CFC9B272-FDA1-4C87-B4EF-CDCA9B57F4DD}.Release|x64.Build.0 = Release|x64
		{8EC11C7F-1B5C-4787-8940-B9B3AAF1D204}.Debug|Win32.ActiveCfg = Debug|Win32
		{8EC11C7F-1B5C-4787-8940-B9B3AAF1D204}.Debug|Win32.Build.0 = Debug|Win32
		{8EC11C7F-1B5C-4787-8940-B9B3AAF1D204}.Debug|x64.ActiveCfg = Debug|x64
		{8EC11C7F-1B5C-4787-8940-B9B3AAF1D204}.Debug|x64.Build.0 = Debug|x64
		{8EC11C7F-1B5C-4787-8940-B9B3AAF1D204}.Release|Win32.ActiveCfg = Release|Win32
		{8EC11C7F-1B5C-4787-8940-B9B3AAF1D204}.Release|Win32.Build.0 = Release|Win32
		{8EC11C7F-1B5C-4787-8940-B9B3AAF1D204}.Release|x64.ActiveCfg = Release|x64
		{8EC11C7F-1B5C-4787-8940-B9B3AAF1D204}.Release|x64.Build.0 = Release|x64
	EndGlobalSection
	GlobalSection(SolutionProperties) = preSolution
		HideSolutionNode = FALSE
	EndGlobalSection
	GlobalSection(ExtensibilityGlobals) = postSolution
		SolutionGuid = {DAE0012B-DDCC-4614-9110-D52E351B2A80}
	EndGlobalSection
EndGlobal
